// !$*UTF8*$!
{
	archiveVersion = 1;
	classes = {
	};
	objectVersion = 46;
	objects = {

/* Begin PBXBuildFile section */
		19A58D311CF7DAA300A1384A /* AppDelegate.swift in Sources */ = {isa = PBXBuildFile; fileRef = 19A58D301CF7DAA300A1384A /* AppDelegate.swift */; };
		19A58D331CF7DAA300A1384A /* ViewController.swift in Sources */ = {isa = PBXBuildFile; fileRef = 19A58D321CF7DAA300A1384A /* ViewController.swift */; };
		19A58D361CF7DAA300A1384A /* Main.storyboard in Resources */ = {isa = PBXBuildFile; fileRef = 19A58D341CF7DAA300A1384A /* Main.storyboard */; };
		19A58D381CF7DAA300A1384A /* Assets.xcassets in Resources */ = {isa = PBXBuildFile; fileRef = 19A58D371CF7DAA300A1384A /* Assets.xcassets */; };
		19A58D3B1CF7DAA300A1384A /* LaunchScreen.storyboard in Resources */ = {isa = PBXBuildFile; fileRef = 19A58D391CF7DAA300A1384A /* LaunchScreen.storyboard */; };
		19A58D451CF809E800A1384A /* 0.png in Resources */ = {isa = PBXBuildFile; fileRef = 19A58D441CF809E800A1384A /* 0.png */; };
		19A58D4F1CF80A0B00A1384A /* 10.png in Resources */ = {isa = PBXBuildFile; fileRef = 19A58D461CF80A0B00A1384A /* 10.png */; };
		19A58D501CF80A0B00A1384A /* 9.png in Resources */ = {isa = PBXBuildFile; fileRef = 19A58D471CF80A0B00A1384A /* 9.png */; };
		19A58D511CF80A0B00A1384A /* 8.png in Resources */ = {isa = PBXBuildFile; fileRef = 19A58D481CF80A0B00A1384A /* 8.png */; };
		19A58D521CF80A0B00A1384A /* 7.png in Resources */ = {isa = PBXBuildFile; fileRef = 19A58D491CF80A0B00A1384A /* 7.png */; };
		19A58D531CF80A0B00A1384A /* 6.png in Resources */ = {isa = PBXBuildFile; fileRef = 19A58D4A1CF80A0B00A1384A /* 6.png */; };
		19A58D541CF80A0B00A1384A /* 5.png in Resources */ = {isa = PBXBuildFile; fileRef = 19A58D4B1CF80A0B00A1384A /* 5.png */; };
		19A58D551CF80A0B00A1384A /* 1.png in Resources */ = {isa = PBXBuildFile; fileRef = 19A58D4C1CF80A0B00A1384A /* 1.png */; };
		19A58D561CF80A0B00A1384A /* 4.png in Resources */ = {isa = PBXBuildFile; fileRef = 19A58D4D1CF80A0B00A1384A /* 4.png */; };
		19A58D571CF80A0B00A1384A /* 2.png in Resources */ = {isa = PBXBuildFile; fileRef = 19A58D4E1CF80A0B00A1384A /* 2.png */; };
/* End PBXBuildFile section */

/* Begin PBXFileReference section */
		19A58D2D1CF7DAA300A1384A /* howManyFingers.app */ = {isa = PBXFileReference; explicitFileType = wrapper.application; includeInIndex = 0; path = howManyFingers.app; sourceTree = BUILT_PRODUCTS_DIR; };
		19A58D301CF7DAA300A1384A /* AppDelegate.swift */ = {isa = PBXFileReference; lastKnownFileType = sourcecode.swift; path = AppDelegate.swift; sourceTree = "<group>"; };
		19A58D321CF7DAA300A1384A /* ViewController.swift */ = {isa = PBXFileReference; lastKnownFileType = sourcecode.swift; path = ViewController.swift; sourceTree = "<group>"; };
		19A58D351CF7DAA300A1384A /* Base */ = {isa = PBXFileReference; lastKnownFileType = file.storyboard; name = Base; path = Base.lproj/Main.storyboard; sourceTree = "<group>"; };
		19A58D371CF7DAA300A1384A /* Assets.xcassets */ = {isa = PBXFileReference; lastKnownFileType = folder.assetcatalog; path = Assets.xcassets; sourceTree = "<group>"; };
		19A58D3A1CF7DAA300A1384A /* Base */ = {isa = PBXFileReference; lastKnownFileType = file.storyboard; name = Base; path = Base.lproj/LaunchScreen.storyboard; sourceTree = "<group>"; };
		19A58D3C1CF7DAA300A1384A /* Info.plist */ = {isa = PBXFileReference; lastKnownFileType = text.plist.xml; path = Info.plist; sourceTree = "<group>"; };
		19A58D441CF809E800A1384A /* 0.png */ = {isa = PBXFileReference; lastKnownFileType = image.png; path = 0.png; sourceTree = "<group>"; };
		19A58D461CF80A0B00A1384A /* 10.png */ = {isa = PBXFileReference; lastKnownFileType = image.png; path = 10.png; sourceTree = "<group>"; };
		19A58D471CF80A0B00A1384A /* 9.png */ = {isa = PBXFileReference; lastKnownFileType = image.png; path = 9.png; sourceTree = "<group>"; };
		19A58D481CF80A0B00A1384A /* 8.png */ = {isa = PBXFileReference; lastKnownFileType = image.png; path = 8.png; sourceTree = "<group>"; };
		19A58D491CF80A0B00A1384A /* 7.png */ = {isa = PBXFileReference; lastKnownFileType = image.png; path = 7.png; sourceTree = "<group>"; };
		19A58D4A1CF80A0B00A1384A /* 6.png */ = {isa = PBXFileReference; lastKnownFileType = image.png; path = 6.png; sourceTree = "<group>"; };
		19A58D4B1CF80A0B00A1384A /* 5.png */ = {isa = PBXFileReference; lastKnownFileType = image.png; path = 5.png; sourceTree = "<group>"; };
		19A58D4C1CF80A0B00A1384A /* 1.png */ = {isa = PBXFileReference; lastKnownFileType = image.png; path = 1.png; sourceTree = "<group>"; };
		19A58D4D1CF80A0B00A1384A /* 4.png */ = {isa = PBXFileReference; lastKnownFileType = image.png; path = 4.png; sourceTree = "<group>"; };
		19A58D4E1CF80A0B00A1384A /* 2.png */ = {isa = PBXFileReference; lastKnownFileType = image.png; path = 2.png; sourceTree = "<group>"; };
/* End PBXFileReference section */

/* Begin PBXFrameworksBuildPhase section */
		19A58D2A1CF7DAA300A1384A /* Frameworks */ = {
			isa = PBXFrameworksBuildPhase;
			buildActionMask = 2147483647;
			files = (
			);
			runOnlyForDeploymentPostprocessing = 0;
		};
/* End PBXFrameworksBuildPhase section */

/* Begin PBXGroup section */
		19A58D241CF7DAA300A1384A = {
			isa = PBXGroup;
			children = (
				19A58D2F1CF7DAA300A1384A /* howManyFingers */,
				19A58D2E1CF7DAA300A1384A /* Products */,
			);
			sourceTree = "<group>";
		};
		19A58D2E1CF7DAA300A1384A /* Products */ = {
			isa = PBXGroup;
			children = (
				19A58D2D1CF7DAA300A1384A /* howManyFingers.app */,
			);
			name = Products;
			sourceTree = "<group>";
		};
		19A58D2F1CF7DAA300A1384A /* howManyFingers */ = {
			isa = PBXGroup;
			children = (
				19A58D301CF7DAA300A1384A /* AppDelegate.swift */,
				19A58D321CF7DAA300A1384A /* ViewController.swift */,
				19A58D341CF7DAA300A1384A /* Main.storyboard */,
				19A58D371CF7DAA300A1384A /* Assets.xcassets */,
				19A58D391CF7DAA300A1384A /* LaunchScreen.storyboard */,
				19A58D441CF809E800A1384A /* 0.png */,
				19A58D461CF80A0B00A1384A /* 10.png */,
				19A58D471CF80A0B00A1384A /* 9.png */,
				19A58D481CF80A0B00A1384A /* 8.png */,
				19A58D491CF80A0B00A1384A /* 7.png */,
				19A58D4A1CF80A0B00A1384A /* 6.png */,
				19A58D4B1CF80A0B00A1384A /* 5.png */,
				19A58D4C1CF80A0B00A1384A /* 1.png */,
				19A58D4D1CF80A0B00A1384A /* 4.png */,
				19A58D4E1CF80A0B00A1384A /* 2.png */,
				19A58D3C1CF7DAA300A1384A /* Info.plist */,
			);
			path = howManyFingers;
			sourceTree = "<group>";
		};
/* End PBXGroup section */

/* Begin PBXNativeTarget section */
		19A58D2C1CF7DAA300A1384A /* howManyFingers */ = {
			isa = PBXNativeTarget;
			buildConfigurationList = 19A58D3F1CF7DAA300A1384A /* Build configuration list for PBXNativeTarget "howManyFingers" */;
			buildPhases = (
				19A58D291CF7DAA300A1384A /* Sources */,
				19A58D2A1CF7DAA300A1384A /* Frameworks */,
				19A58D2B1CF7DAA300A1384A /* Resources */,
			);
			buildRules = (
			);
			dependencies = (
			);
			name = howManyFingers;
			productName = howManyFingers;
			productReference = 19A58D2D1CF7DAA300A1384A /* howManyFingers.app */;
			productType = "com.apple.product-type.application";
		};
/* End PBXNativeTarget section */

/* Begin PBXProject section */
		19A58D251CF7DAA300A1384A /* Project object */ = {
			isa = PBXProject;
			attributes = {
				LastSwiftUpdateCheck = 0730;
				LastUpgradeCheck = 0730;
				ORGANIZATIONNAME = "Sheshagiri Haniyur";
				TargetAttributes = {
					19A58D2C1CF7DAA300A1384A = {
						CreatedOnToolsVersion = 7.3.1;
					};
				};
			};
			buildConfigurationList = 19A58D281CF7DAA300A1384A /* Build configuration list for PBXProject "howManyFingers" */;
			compatibilityVersion = "Xcode 3.2";
			developmentRegion = English;
			hasScannedForEncodings = 0;
			knownRegions = (
				en,
				Base,
			);
			mainGroup = 19A58D241CF7DAA300A1384A;
			productRefGroup = 19A58D2E1CF7DAA300A1384A /* Products */;
			projectDirPath = "";
			projectRoot = "";
			targets = (
				19A58D2C1CF7DAA300A1384A /* howManyFingers */,
			);
		};
/* End PBXProject section */

/* Begin PBXResourcesBuildPhase section */
		19A58D2B1CF7DAA300A1384A /* Resources */ = {
			isa = PBXResourcesBuildPhase;
			buildActionMask = 2147483647;
			files = (
				19A58D571CF80A0B00A1384A /* 2.png in Resources */,
				19A58D561CF80A0B00A1384A /* 4.png in Resources */,
				19A58D551CF80A0B00A1384A /* 1.png in Resources */,
				19A58D4F1CF80A0B00A1384A /* 10.png in Resources */,
				19A58D541CF80A0B00A1384A /* 5.png in Resources */,
				19A58D451CF809E800A1384A /* 0.png in Resources */,
				19A58D3B1CF7DAA300A1384A /* LaunchScreen.storyboard in Resources */,
				19A58D531CF80A0B00A1384A /* 6.png in Resources */,
				19A58D501CF80A0B00A1384A /* 9.png in Resources */,
				19A58D381CF7DAA300A1384A /* Assets.xcassets in Resources */,
				19A58D361CF7DAA300A1384A /* Main.storyboard in Resources */,
				19A58D511CF80A0B00A1384A /* 8.png in Resources */,
				19A58D521CF80A0B00A1384A /* 7.png in Resources */,
			);
			runOnlyForDeploymentPostprocessing = 0;
		};
/* End PBXResourcesBuildPhase section */

/* Begin PBXSourcesBuildPhase section */
		19A58D291CF7DAA300A1384A /* Sources */ = {
			isa = PBXSourcesBuildPhase;
			buildActionMask = 2147483647;
			files = (
				19A58D331CF7DAA300A1384A /* ViewController.swift in Sources */,
				19A58D311CF7DAA300A1384A /* AppDelegate.swift in Sources */,
			);
			runOnlyForDeploymentPostprocessing = 0;
		};
/* End PBXSourcesBuildPhase section */

/* Begin PBXVariantGroup section */
		19A58D341CF7DAA300A1384A /* Main.storyboard */ = {
			isa = PBXVariantGroup;
			children = (
				19A58D351CF7DAA300A1384A /* Base */,
			);
			name = Main.storyboard;
			sourceTree = "<group>";
		};
		19A58D391CF7DAA300A1384A /* LaunchScreen.storyboard */ = {
			isa = PBXVariantGroup;
			children = (
				19A58D3A1CF7DAA300A1384A /* Base */,
			);
			name = LaunchScreen.storyboard;
			sourceTree = "<group>";
		};
/* End PBXVariantGroup section */

/* Begin XCBuildConfiguration section */
		19A58D3D1CF7DAA300A1384A /* Debug */ = {
			isa = XCBuildConfiguration;
			buildSettings = {
				ALWAYS_SEARCH_USER_PATHS = NO;
				CLANG_ANALYZER_NONNULL = YES;
				CLANG_CXX_LANGUAGE_STANDARD = "gnu++0x";
				CLANG_CXX_LIBRARY = "libc++";
				CLANG_ENABLE_MODULES = YES;
				CLANG_ENABLE_OBJC_ARC = YES;
				CLANG_WARN_BOOL_CONVERSION = YES;
				CLANG_WARN_CONSTANT_CONVERSION = YES;
				CLANG_WARN_DIRECT_OBJC_ISA_USAGE = YES_ERROR;
				CLANG_WARN_EMPTY_BODY = YES;
				CLANG_WARN_ENUM_CONVERSION = YES;
				CLANG_WARN_INT_CONVERSION = YES;
				CLANG_WARN_OBJC_ROOT_CLASS = YES_ERROR;
				CLANG_WARN_UNREACHABLE_CODE = YES;
				CLANG_WARN__DUPLICATE_METHOD_MATCH = YES;
				"CODE_SIGN_IDENTITY[sdk=iphoneos*]" = "iPhone Developer";
				COPY_PHASE_STRIP = NO;
				DEBUG_INFORMATION_FORMAT = dwarf;
				ENABLE_STRICT_OBJC_MSGSEND = YES;
				ENABLE_TESTABILITY = YES;
				GCC_C_LANGUAGE_STANDARD = gnu99;
				GCC_DYNAMIC_NO_PIC = NO;
				GCC_NO_COMMON_BLOCKS = YES;
				GCC_OPTIMIZATION_LEVEL = 0;
				GCC_PREPROCESSOR_DEFINITIONS = (
					"DEBUG=1",
					"$(inherited)",
				);
				GCC_WARN_64_TO_32_BIT_CONVERSION = YES;
				GCC_WARN_ABOUT_RETURN_TYPE = YES_ERROR;
				GCC_WARN_UNDECLARED_SELECTOR = YES;
				GCC_WARN_UNINITIALIZED_AUTOS = YES_AGGRESSIVE;
				GCC_WARN_UNUSED_FUNCTION = YES;
				GCC_WARN_UNUSED_VARIABLE = YES;
				IPHONEOS_DEPLOYMENT_TARGET = 9.3;
				MTL_ENABLE_DEBUG_INFO = YES;
				ONLY_ACTIVE_ARCH = YES;
				SDKROOT = iphoneos;
				SWIFT_OPTIMIZATION_LEVEL = "-Onone";
			};
			name = Debug;
		};
		19A58D3E1CF7DAA300A1384A /* Release */ = {
			isa = XCBuildConfiguration;
			buildSettings = {
				ALWAYS_SEARCH_USER_PATHS = NO;
				CLANG_ANALYZER_NONNULL = YES;
				CLANG_CXX_LANGUAGE_STANDARD = "gnu++0x";
				CLANG_CXX_LIBRARY = "libc++";
				CLANG_ENABLE_MODULES = YES;
				CLANG_ENABLE_OBJC_ARC = YES;
				CLANG_WARN_BOOL_CONVERSION = YES;
				CLANG_WARN_CONSTANT_CONVERSION = YES;
				CLANG_WARN_DIRECT_OBJC_ISA_USAGE = YES_ERROR;
				CLANG_WARN_EMPTY_BODY = YES;
				CLANG_WARN_ENUM_CONVERSION = YES;
				CLANG_WARN_INT_CONVERSION = YES;
				CLANG_WARN_OBJC_ROOT_CLASS = YES_ERROR;
				CLANG_WARN_UNREACHABLE_CODE = YES;
				CLANG_WARN__DUPLICATE_METHOD_MATCH = YES;
				"CODE_SIGN_IDENTITY[sdk=iphoneos*]" = "iPhone Developer";
				COPY_PHASE_STRIP = NO;
				DEBUG_INFORMATION_FORMAT = "dwarf-with-dsym";
				ENABLE_NS_ASSERTIONS = NO;
				ENABLE_STRICT_OBJC_MSGSEND = YES;
				GCC_C_LANGUAGE_STANDARD = gnu99;
				GCC_NO_COMMON_BLOCKS = YES;
				GCC_WARN_64_TO_32_BIT_CONVERSION = YES;
				GCC_WARN_ABOUT_RETURN_TYPE = YES_ERROR;
				GCC_WARN_UNDECLARED_SELECTOR = YES;
				GCC_WARN_UNINITIALIZED_AUTOS = YES_AGGRESSIVE;
				GCC_WARN_UNUSED_FUNCTION = YES;
				GCC_WARN_UNUSED_VARIABLE = YES;
				IPHONEOS_DEPLOYMENT_TARGET = 9.3;
				MTL_ENABLE_DEBUG_INFO = NO;
				SDKROOT = iphoneos;
				VALIDATE_PRODUCT = YES;
			};
			name = Release;
		};
		19A58D401CF7DAA300A1384A /* Debug */ = {
			isa = XCBuildConfiguration;
			buildSettings = {
				ASSETCATALOG_COMPILER_APPICON_NAME = AppIcon;
				INFOPLIST_FILE = howManyFingers/Info.plist;
				LD_RUNPATH_SEARCH_PATHS = "$(inherited) @executable_path/Frameworks";
				PRODUCT_BUNDLE_IDENTIFIER = com.pavani.howManyFingers;
				PRODUCT_NAME = "$(TARGET_NAME)";
			};
			name = Debug;
		};
		19A58D411CF7DAA300A1384A /* Release */ = {
			isa = XCBuildConfiguration;
			buildSettings = {
				ASSETCATALOG_COMPILER_APPICON_NAME = AppIcon;
				INFOPLIST_FILE = howManyFingers/Info.plist;
				LD_RUNPATH_SEARCH_PATHS = "$(inherited) @executable_path/Frameworks";
				PRODUCT_BUNDLE_IDENTIFIER = com.pavani.howManyFingers;
				PRODUCT_NAME = "$(TARGET_NAME)";
			};
			name = Release;
		};
/* End XCBuildConfiguration section */

/* Begin XCConfigurationList section */
		19A58D281CF7DAA300A1384A /* Build configuration list for PBXProject "howManyFingers" */ = {
			isa = XCConfigurationList;
			buildConfigurations = (
				19A58D3D1CF7DAA300A1384A /* Debug */,
				19A58D3E1CF7DAA300A1384A /* Release */,
			);
			defaultConfigurationIsVisible = 0;
			defaultConfigurationName = Release;
		};
		19A58D3F1CF7DAA300A1384A /* Build configuration list for PBXNativeTarget "howManyFingers" */ = {
			isa = XCConfigurationList;
			buildConfigurations = (
				19A58D401CF7DAA300A1384A /* Debug */,
				19A58D411CF7DAA300A1384A /* Release */,
			);
			defaultConfigurationIsVisible = 0;
			defaultConfigurationName = Release;
		};
/* End XCConfigurationList section */
	};
	rootObject = 19A58D251CF7DAA300A1384A /* Project object */;
}
