// !$*UTF8*$!
{
	archiveVersion = 1;
	classes = {
	};
	objectVersion = 46;
	objects = {

/* Begin PBXBuildFile section */
		19CD8E591CF3C9290055F8FE /* AppDelegate.swift in Sources */ = {isa = PBXBuildFile; fileRef = 19CD8E581CF3C9290055F8FE /* AppDelegate.swift */; };
		19CD8E5B1CF3C9290055F8FE /* ViewController.swift in Sources */ = {isa = PBXBuildFile; fileRef = 19CD8E5A1CF3C9290055F8FE /* ViewController.swift */; };
		19CD8E5E1CF3C9290055F8FE /* Main.storyboard in Resources */ = {isa = PBXBuildFile; fileRef = 19CD8E5C1CF3C9290055F8FE /* Main.storyboard */; };
		19CD8E601CF3C9290055F8FE /* Assets.xcassets in Resources */ = {isa = PBXBuildFile; fileRef = 19CD8E5F1CF3C9290055F8FE /* Assets.xcassets */; };
		19CD8E631CF3C9290055F8FE /* LaunchScreen.storyboard in Resources */ = {isa = PBXBuildFile; fileRef = 19CD8E611CF3C9290055F8FE /* LaunchScreen.storyboard */; };
		19CD8E6B1CF3CB160055F8FE /* cat.png in Resources */ = {isa = PBXBuildFile; fileRef = 19CD8E6A1CF3CB160055F8FE /* cat.png */; };
/* End PBXBuildFile section */

/* Begin PBXFileReference section */
		19CD8E551CF3C9290055F8FE /* catYears1.app */ = {isa = PBXFileReference; explicitFileType = wrapper.application; includeInIndex = 0; path = catYears1.app; sourceTree = BUILT_PRODUCTS_DIR; };
		19CD8E581CF3C9290055F8FE /* AppDelegate.swift */ = {isa = PBXFileReference; lastKnownFileType = sourcecode.swift; path = AppDelegate.swift; sourceTree = "<group>"; };
		19CD8E5A1CF3C9290055F8FE /* ViewController.swift */ = {isa = PBXFileReference; lastKnownFileType = sourcecode.swift; path = ViewController.swift; sourceTree = "<group>"; };
		19CD8E5D1CF3C9290055F8FE /* Base */ = {isa = PBXFileReference; lastKnownFileType = file.storyboard; name = Base; path = Base.lproj/Main.storyboard; sourceTree = "<group>"; };
		19CD8E5F1CF3C9290055F8FE /* Assets.xcassets */ = {isa = PBXFileReference; lastKnownFileType = folder.assetcatalog; path = Assets.xcassets; sourceTree = "<group>"; };
		19CD8E621CF3C9290055F8FE /* Base */ = {isa = PBXFileReference; lastKnownFileType = file.storyboard; name = Base; path = Base.lproj/LaunchScreen.storyboard; sourceTree = "<group>"; };
		19CD8E641CF3C9290055F8FE /* Info.plist */ = {isa = PBXFileReference; lastKnownFileType = text.plist.xml; path = Info.plist; sourceTree = "<group>"; };
		19CD8E6A1CF3CB160055F8FE /* cat.png */ = {isa = PBXFileReference; lastKnownFileType = image.png; path = cat.png; sourceTree = "<group>"; };
/* End PBXFileReference section */

/* Begin PBXFrameworksBuildPhase section */
		19CD8E521CF3C9290055F8FE /* Frameworks */ = {
			isa = PBXFrameworksBuildPhase;
			buildActionMask = 2147483647;
			files = (
			);
			runOnlyForDeploymentPostprocessing = 0;
		};
/* End PBXFrameworksBuildPhase section */

/* Begin PBXGroup section */
		19CD8E4C1CF3C9290055F8FE = {
			isa = PBXGroup;
			children = (
				19CD8E571CF3C9290055F8FE /* catYears1 */,
				19CD8E561CF3C9290055F8FE /* Products */,
			);
			sourceTree = "<group>";
		};
		19CD8E561CF3C9290055F8FE /* Products */ = {
			isa = PBXGroup;
			children = (
				19CD8E551CF3C9290055F8FE /* catYears1.app */,
			);
			name = Products;
			sourceTree = "<group>";
		};
		19CD8E571CF3C9290055F8FE /* catYears1 */ = {
			isa = PBXGroup;
			children = (
				19CD8E581CF3C9290055F8FE /* AppDelegate.swift */,
				19CD8E5A1CF3C9290055F8FE /* ViewController.swift */,
				19CD8E5C1CF3C9290055F8FE /* Main.storyboard */,
				19CD8E5F1CF3C9290055F8FE /* Assets.xcassets */,
				19CD8E611CF3C9290055F8FE /* LaunchScreen.storyboard */,
				19CD8E641CF3C9290055F8FE /* Info.plist */,
				19CD8E6A1CF3CB160055F8FE /* cat.png */,
			);
			path = catYears1;
			sourceTree = "<group>";
		};
/* End PBXGroup section */

/* Begin PBXNativeTarget section */
		19CD8E541CF3C9290055F8FE /* catYears1 */ = {
			isa = PBXNativeTarget;
			buildConfigurationList = 19CD8E671CF3C9290055F8FE /* Build configuration list for PBXNativeTarget "catYears1" */;
			buildPhases = (
				19CD8E511CF3C9290055F8FE /* Sources */,
				19CD8E521CF3C9290055F8FE /* Frameworks */,
				19CD8E531CF3C9290055F8FE /* Resources */,
			);
			buildRules = (
			);
			dependencies = (
			);
			name = catYears1;
			productName = catYears1;
			productReference = 19CD8E551CF3C9290055F8FE /* catYears1.app */;
			productType = "com.apple.product-type.application";
		};
/* End PBXNativeTarget section */

/* Begin PBXProject section */
		19CD8E4D1CF3C9290055F8FE /* Project object */ = {
			isa = PBXProject;
			attributes = {
				LastSwiftUpdateCheck = 0730;
				LastUpgradeCheck = 0730;
				ORGANIZATIONNAME = "Sheshagiri Haniyur";
				TargetAttributes = {
					19CD8E541CF3C9290055F8FE = {
						CreatedOnToolsVersion = 7.3.1;
						LastSwiftMigration = 0820;
					};
				};
			};
			buildConfigurationList = 19CD8E501CF3C9290055F8FE /* Build configuration list for PBXProject "catYears1" */;
			compatibilityVersion = "Xcode 3.2";
			developmentRegion = English;
			hasScannedForEncodings = 0;
			knownRegions = (
				en,
				Base,
			);
			mainGroup = 19CD8E4C1CF3C9290055F8FE;
			productRefGroup = 19CD8E561CF3C9290055F8FE /* Products */;
			projectDirPath = "";
			projectRoot = "";
			targets = (
				19CD8E541CF3C9290055F8FE /* catYears1 */,
			);
		};
/* End PBXProject section */

/* Begin PBXResourcesBuildPhase section */
		19CD8E531CF3C9290055F8FE /* Resources */ = {
			isa = PBXResourcesBuildPhase;
			buildActionMask = 2147483647;
			files = (
				19CD8E631CF3C9290055F8FE /* LaunchScreen.storyboard in Resources */,
				19CD8E601CF3C9290055F8FE /* Assets.xcassets in Resources */,
				19CD8E6B1CF3CB160055F8FE /* cat.png in Resources */,
				19CD8E5E1CF3C9290055F8FE /* Main.storyboard in Resources */,
			);
			runOnlyForDeploymentPostprocessing = 0;
		};
/* End PBXResourcesBuildPhase section */

/* Begin PBXSourcesBuildPhase section */
		19CD8E511CF3C9290055F8FE /* Sources */ = {
			isa = PBXSourcesBuildPhase;
			buildActionMask = 2147483647;
			files = (
				19CD8E5B1CF3C9290055F8FE /* ViewController.swift in Sources */,
				19CD8E591CF3C9290055F8FE /* AppDelegate.swift in Sources */,
			);
			runOnlyForDeploymentPostprocessing = 0;
		};
/* End PBXSourcesBuildPhase section */

/* Begin PBXVariantGroup section */
		19CD8E5C1CF3C9290055F8FE /* Main.storyboard */ = {
			isa = PBXVariantGroup;
			children = (
				19CD8E5D1CF3C9290055F8FE /* Base */,
			);
			name = Main.storyboard;
			sourceTree = "<group>";
		};
		19CD8E611CF3C9290055F8FE /* LaunchScreen.storyboard */ = {
			isa = PBXVariantGroup;
			children = (
				19CD8E621CF3C9290055F8FE /* Base */,
			);
			name = LaunchScreen.storyboard;
			sourceTree = "<group>";
		};
/* End PBXVariantGroup section */

/* Begin XCBuildConfiguration section */
		19CD8E651CF3C9290055F8FE /* Debug */ = {
			isa = XCBuildConfiguration;
			buildSettings = {
				ALWAYS_SEARCH_USER_PATHS = NO;
				CLANG_ANALYZER_NONNULL = YES;
				CLANG_CXX_LANGUAGE_STANDARD = "gnu++0x";
				CLANG_CXX_LIBRARY = "libc++";
				CLANG_ENABLE_MODULES = YES;
				CLANG_ENABLE_OBJC_ARC = YES;
				CLANG_WARN_BOOL_CONVERSION = YES;
				CLANG_WARN_CONSTANT_CONVERSION = YES;
				CLANG_WARN_DIRECT_OBJC_ISA_USAGE = YES_ERROR;
				CLANG_WARN_EMPTY_BODY = YES;
				CLANG_WARN_ENUM_CONVERSION = YES;
				CLANG_WARN_INT_CONVERSION = YES;
				CLANG_WARN_OBJC_ROOT_CLASS = YES_ERROR;
				CLANG_WARN_UNREACHABLE_CODE = YES;
				CLANG_WARN__DUPLICATE_METHOD_MATCH = YES;
				"CODE_SIGN_IDENTITY[sdk=iphoneos*]" = "iPhone Developer";
				COPY_PHASE_STRIP = NO;
				DEBUG_INFORMATION_FORMAT = dwarf;
				ENABLE_STRICT_OBJC_MSGSEND = YES;
				ENABLE_TESTABILITY = YES;
				GCC_C_LANGUAGE_STANDARD = gnu99;
				GCC_DYNAMIC_NO_PIC = NO;
				GCC_NO_COMMON_BLOCKS = YES;
				GCC_OPTIMIZATION_LEVEL = 0;
				GCC_PREPROCESSOR_DEFINITIONS = (
					"DEBUG=1",
					"$(inherited)",
				);
				GCC_WARN_64_TO_32_BIT_CONVERSION = YES;
				GCC_WARN_ABOUT_RETURN_TYPE = YES_ERROR;
				GCC_WARN_UNDECLARED_SELECTOR = YES;
				GCC_WARN_UNINITIALIZED_AUTOS = YES_AGGRESSIVE;
				GCC_WARN_UNUSED_FUNCTION = YES;
				GCC_WARN_UNUSED_VARIABLE = YES;
				IPHONEOS_DEPLOYMENT_TARGET = 9.3;
				MTL_ENABLE_DEBUG_INFO = YES;
				ONLY_ACTIVE_ARCH = YES;
				SDKROOT = iphoneos;
				SWIFT_OPTIMIZATION_LEVEL = "-Onone";
			};
			name = Debug;
		};
		19CD8E661CF3C9290055F8FE /* Release */ = {
			isa = XCBuildConfiguration;
			buildSettings = {
				ALWAYS_SEARCH_USER_PATHS = NO;
				CLANG_ANALYZER_NONNULL = YES;
				CLANG_CXX_LANGUAGE_STANDARD = "gnu++0x";
				CLANG_CXX_LIBRARY = "libc++";
				CLANG_ENABLE_MODULES = YES;
				CLANG_ENABLE_OBJC_ARC = YES;
				CLANG_WARN_BOOL_CONVERSION = YES;
				CLANG_WARN_CONSTANT_CONVERSION = YES;
				CLANG_WARN_DIRECT_OBJC_ISA_USAGE = YES_ERROR;
				CLANG_WARN_EMPTY_BODY = YES;
				CLANG_WARN_ENUM_CONVERSION = YES;
				CLANG_WARN_INT_CONVERSION = YES;
				CLANG_WARN_OBJC_ROOT_CLASS = YES_ERROR;
				CLANG_WARN_UNREACHABLE_CODE = YES;
				CLANG_WARN__DUPLICATE_METHOD_MATCH = YES;
				"CODE_SIGN_IDENTITY[sdk=iphoneos*]" = "iPhone Developer";
				COPY_PHASE_STRIP = NO;
				DEBUG_INFORMATION_FORMAT = "dwarf-with-dsym";
				ENABLE_NS_ASSERTIONS = NO;
				ENABLE_STRICT_OBJC_MSGSEND = YES;
				GCC_C_LANGUAGE_STANDARD = gnu99;
				GCC_NO_COMMON_BLOCKS = YES;
				GCC_WARN_64_TO_32_BIT_CONVERSION = YES;
				GCC_WARN_ABOUT_RETURN_TYPE = YES_ERROR;
				GCC_WARN_UNDECLARED_SELECTOR = YES;
				GCC_WARN_UNINITIALIZED_AUTOS = YES_AGGRESSIVE;
				GCC_WARN_UNUSED_FUNCTION = YES;
				GCC_WARN_UNUSED_VARIABLE = YES;
				IPHONEOS_DEPLOYMENT_TARGET = 9.3;
				MTL_ENABLE_DEBUG_INFO = NO;
				SDKROOT = iphoneos;
				VALIDATE_PRODUCT = YES;
			};
			name = Release;
		};
		19CD8E681CF3C9290055F8FE /* Debug */ = {
			isa = XCBuildConfiguration;
			buildSettings = {
				ASSETCATALOG_COMPILER_APPICON_NAME = AppIcon;
				INFOPLIST_FILE = catYears1/Info.plist;
				LD_RUNPATH_SEARCH_PATHS = "$(inherited) @executable_path/Frameworks";
				PRODUCT_BUNDLE_IDENTIFIER = com.pavani.catYears1;
				PRODUCT_NAME = "$(TARGET_NAME)";
				SWIFT_VERSION = 3.0;
			};
			name = Debug;
		};
		19CD8E691CF3C9290055F8FE /* Release */ = {
			isa = XCBuildConfiguration;
			buildSettings = {
				ASSETCATALOG_COMPILER_APPICON_NAME = AppIcon;
				INFOPLIST_FILE = catYears1/Info.plist;
				LD_RUNPATH_SEARCH_PATHS = "$(inherited) @executable_path/Frameworks";
				PRODUCT_BUNDLE_IDENTIFIER = com.pavani.catYears1;
				PRODUCT_NAME = "$(TARGET_NAME)";
				SWIFT_VERSION = 3.0;
			};
			name = Release;
		};
/* End XCBuildConfiguration section */

/* Begin XCConfigurationList section */
		19CD8E501CF3C9290055F8FE /* Build configuration list for PBXProject "catYears1" */ = {
			isa = XCConfigurationList;
			buildConfigurations = (
				19CD8E651CF3C9290055F8FE /* Debug */,
				19CD8E661CF3C9290055F8FE /* Release */,
			);
			defaultConfigurationIsVisible = 0;
			defaultConfigurationName = Release;
		};
		19CD8E671CF3C9290055F8FE /* Build configuration list for PBXNativeTarget "catYears1" */ = {
			isa = XCConfigurationList;
			buildConfigurations = (
				19CD8E681CF3C9290055F8FE /* Debug */,
				19CD8E691CF3C9290055F8FE /* Release */,
			);
			defaultConfigurationIsVisible = 0;
			defaultConfigurationName = Release;
		};
/* End XCConfigurationList section */
	};
	rootObject = 19CD8E4D1CF3C9290055F8FE /* Project object */;
}
